
Microsoft Visual Studio Solution File, Format Version 12.00
# Visual Studio 15
VisualStudioVersion = 15.0.27130.0
MinimumVisualStudioVersion = 10.0.40219.1
Project("{FAE04EC0-301F-11D3-BF4B-00C04F79EFBC}") = "ConsoleApp3", "ConsoleApp3\ConsoleApp3.csproj", "{3EB4D937-4442-4F3C-8965-1DB0304259DD}"
EndProject
Global
	GlobalSection(SolutionConfigurationPlatforms) = preSolution
		Debug|Any CPU = Debug|Any CPU
		Release|Any CPU = Release|Any CPU
	EndGlobalSection
	GlobalSection(ProjectConfigurationPlatforms) = postSolution
		{3EB4D937-4442-4F3C-8965-1DB0304259DD}.Debug|Any CPU.ActiveCfg = Debug|Any CPU
		{3EB4D937-4442-4F3C-8965-1DB0304259DD}.Debug|Any CPU.Build.0 = Debug|Any CPU
		{3EB4D937-4442-4F3C-8965-1DB0304259DD}.Release|Any CPU.ActiveCfg = Release|Any CPU
		{3EB4D937-4442-4F3C-8965-1DB0304259DD}.Release|Any CPU.Build.0 = Release|Any CPU
	EndGlobalSection
	GlobalSection(SolutionProperties) = preSolution
		HideSolutionNode = FALSE
	EndGlobalSection
	GlobalSection(ExtensibilityGlobals) = postSolution
		SolutionGuid = {9DAB7AD3-112F-4509-B64F-08875E5AA87E}
	EndGlobalSection
EndGlobal
